{
  "name": "@raullekuna/luhn-digits",
  "version": "0.0.9",
  "lockfileVersion": 3,
  "requires": true,
  "packages": {
    "": {
      "name": "@raullekuna/luhn-digits",
      "version": "0.0.9",
      "hasInstallScript": true,
      "license": "MIT",
      "dependencies": {
        "@raullekuna/luhn-digits": "^0.0.9"
      }
    },
    "node_modules/@raullekuna/luhn-digits": {
      "version": "0.0.9",
      "resolved": "https://registry.npmjs.org/@raullekuna/luhn-digits/-/luhn-digits-0.0.9.tgz",
      "integrity": "sha512-WLmA04ijvIDZS9wc2c85jSSbK05UIn35r7Jq9A0gTc2x16N709cOsfAvrxUikqV/NevjbyALGjwX4gvJMPZ2zQ==",
      "hasInstallScript": true,
      "license": "MIT"
    }
  }
}
